
Microsoft Visual Studio Solution File, Format Version 12.00
# Visual Studio Version 17
VisualStudioVersion = 17.14.36203.30 d17.14
MinimumVisualStudioVersion = 10.0.40219.1
Project("{FAE04EC0-301F-11D3-BF4B-00C04F79EFBC}") = "ERPSystem", "ERPSystem\ERPSystem.csproj", "{31B5759E-0A14-44A4-9831-6715DF052C01}"
EndProject
Project("{FAE04EC0-301F-11D3-BF4B-00C04F79EFBC}") = "ERP.Domain", "ERP.Domain\ERP.Domain.csproj", "{AFD815C8-42CD-46C6-9684-4192B0E4B8BD}"
EndProject
Project("{FAE04EC0-301F-11D3-BF4B-00C04F79EFBC}") = "ERP.Infrastructure", "ERP.Infrastructure\ERP.Infrastructure.csproj", "{3B639AF7-186C-46F4-94AE-D8CE55645FC0}"
EndProject
Project("{FAE04EC0-301F-11D3-BF4B-00C04F79EFBC}") = "ERP.Application", "ERP.Application\ERP.Application.csproj", "{71C206CC-94E7-4D4F-977E-27B684F73F47}"
EndProject
Project("{FAE04EC0-301F-11D3-BF4B-00C04F79EFBC}") = "ERP.WebAPI", "ERP.WebAPI\ERP.WebAPI.csproj", "{CAEDBF62-998D-48A6-9E56-4D85511D08E3}"
EndProject
Global
	GlobalSection(SolutionConfigurationPlatforms) = preSolution
		Debug|Any CPU = Debug|Any CPU
		Release|Any CPU = Release|Any CPU
	EndGlobalSection
	GlobalSection(ProjectConfigurationPlatforms) = postSolution
		{31B5759E-0A14-44A4-9831-6715DF052C01}.Debug|Any CPU.ActiveCfg = Debug|Any CPU
		{31B5759E-0A14-44A4-9831-6715DF052C01}.Debug|Any CPU.Build.0 = Debug|Any CPU
		{31B5759E-0A14-44A4-9831-6715DF052C01}.Release|Any CPU.ActiveCfg = Release|Any CPU
		{31B5759E-0A14-44A4-9831-6715DF052C01}.Release|Any CPU.Build.0 = Release|Any CPU
		{AFD815C8-42CD-46C6-9684-4192B0E4B8BD}.Debug|Any CPU.ActiveCfg = Debug|Any CPU
		{AFD815C8-42CD-46C6-9684-4192B0E4B8BD}.Debug|Any CPU.Build.0 = Debug|Any CPU
		{AFD815C8-42CD-46C6-9684-4192B0E4B8BD}.Release|Any CPU.ActiveCfg = Release|Any CPU
		{AFD815C8-42CD-46C6-9684-4192B0E4B8BD}.Release|Any CPU.Build.0 = Release|Any CPU
		{3B639AF7-186C-46F4-94AE-D8CE55645FC0}.Debug|Any CPU.ActiveCfg = Debug|Any CPU
		{3B639AF7-186C-46F4-94AE-D8CE55645FC0}.Debug|Any CPU.Build.0 = Debug|Any CPU
		{3B639AF7-186C-46F4-94AE-D8CE55645FC0}.Release|Any CPU.ActiveCfg = Release|Any CPU
		{3B639AF7-186C-46F4-94AE-D8CE55645FC0}.Release|Any CPU.Build.0 = Release|Any CPU
		{71C206CC-94E7-4D4F-977E-27B684F73F47}.Debug|Any CPU.ActiveCfg = Debug|Any CPU
		{71C206CC-94E7-4D4F-977E-27B684F73F47}.Debug|Any CPU.Build.0 = Debug|Any CPU
		{71C206CC-94E7-4D4F-977E-27B684F73F47}.Release|Any CPU.ActiveCfg = Release|Any CPU
		{71C206CC-94E7-4D4F-977E-27B684F73F47}.Release|Any CPU.Build.0 = Release|Any CPU
		{CAEDBF62-998D-48A6-9E56-4D85511D08E3}.Debug|Any CPU.ActiveCfg = Debug|Any CPU
		{CAEDBF62-998D-48A6-9E56-4D85511D08E3}.Debug|Any CPU.Build.0 = Debug|Any CPU
		{CAEDBF62-998D-48A6-9E56-4D85511D08E3}.Release|Any CPU.ActiveCfg = Release|Any CPU
		{CAEDBF62-998D-48A6-9E56-4D85511D08E3}.Release|Any CPU.Build.0 = Release|Any CPU
	EndGlobalSection
	GlobalSection(SolutionProperties) = preSolution
		HideSolutionNode = FALSE
	EndGlobalSection
	GlobalSection(ExtensibilityGlobals) = postSolution
		SolutionGuid = {8B3D0075-3DC6-432F-8977-FE1965EACC28}
	EndGlobalSection
EndGlobal
